
Microsoft Visual Studio Solution File, Format Version 12.00
# Visual Studio 14
VisualStudioVersion = 14.0.25420.1
MinimumVisualStudioVersion = 10.0.40219.1
Project("{FAE04EC0-301F-11D3-BF4B-00C04F79EFBC}") = "BankingApp", "BankingApp\BankingApp.csproj", "{77848AC5-4917-42AE-95BE-E20F302557A5}"
EndProject
Project("{00D1A9C2-B5F0-4AF3-8072-F6C62B433612}") = "BankDB", "BankDB\BankDB.sqlproj", "{86647A51-7F6E-4FAB-8C20-E00E15D76785}"
EndProject
Project("{FAE04EC0-301F-11D3-BF4B-00C04F79EFBC}") = "BankLogic", "BankLogic\BankLogic.csproj", "{1989AA74-D7A2-49A3-9F19-E68F99342F3C}"
EndProject
Global
	GlobalSection(SolutionConfigurationPlatforms) = preSolution
		Debug|Any CPU = Debug|Any CPU
		Release|Any CPU = Release|Any CPU
	EndGlobalSection
	GlobalSection(ProjectConfigurationPlatforms) = postSolution
		{77848AC5-4917-42AE-95BE-E20F302557A5}.Debug|Any CPU.ActiveCfg = Debug|Any CPU
		{77848AC5-4917-42AE-95BE-E20F302557A5}.Debug|Any CPU.Build.0 = Debug|Any CPU
		{77848AC5-4917-42AE-95BE-E20F302557A5}.Release|Any CPU.ActiveCfg = Release|Any CPU
		{77848AC5-4917-42AE-95BE-E20F302557A5}.Release|Any CPU.Build.0 = Release|Any CPU
		{86647A51-7F6E-4FAB-8C20-E00E15D76785}.Debug|Any CPU.ActiveCfg = Debug|Any CPU
		{86647A51-7F6E-4FAB-8C20-E00E15D76785}.Debug|Any CPU.Build.0 = Debug|Any CPU
		{86647A51-7F6E-4FAB-8C20-E00E15D76785}.Debug|Any CPU.Deploy.0 = Debug|Any CPU
		{86647A51-7F6E-4FAB-8C20-E00E15D76785}.Release|Any CPU.ActiveCfg = Release|Any CPU
		{86647A51-7F6E-4FAB-8C20-E00E15D76785}.Release|Any CPU.Build.0 = Release|Any CPU
		{86647A51-7F6E-4FAB-8C20-E00E15D76785}.Release|Any CPU.Deploy.0 = Release|Any CPU
		{1989AA74-D7A2-49A3-9F19-E68F99342F3C}.Debug|Any CPU.ActiveCfg = Debug|Any CPU
		{1989AA74-D7A2-49A3-9F19-E68F99342F3C}.Debug|Any CPU.Build.0 = Debug|Any CPU
		{1989AA74-D7A2-49A3-9F19-E68F99342F3C}.Release|Any CPU.ActiveCfg = Release|Any CPU
		{1989AA74-D7A2-49A3-9F19-E68F99342F3C}.Release|Any CPU.Build.0 = Release|Any CPU
	EndGlobalSection
	GlobalSection(SolutionProperties) = preSolution
		HideSolutionNode = FALSE
	EndGlobalSection
EndGlobal
